// !$*UTF8*$!
{
	archiveVersion = 1;
	classes = {
	};
	objectVersion = 46;
	objects = {

/* Begin PBXBuildFile section */
		14A99E4119CBD5CB00B0F1E9 /* Foundation.framework in Frameworks */ = {isa = PBXBuildFile; fileRef = 14A99E4019CBD5CB00B0F1E9 /* Foundation.framework */; };
		14A99E4319CBD5CB00B0F1E9 /* CoreGraphics.framework in Frameworks */ = {isa = PBXBuildFile; fileRef = 14A99E4219CBD5CB00B0F1E9 /* CoreGraphics.framework */; };
		14A99E4519CBD5CB00B0F1E9 /* UIKit.framework in Frameworks */ = {isa = PBXBuildFile; fileRef = 14A99E4419CBD5CB00B0F1E9 /* UIKit.framework */; };
		14A99E4B19CBD5CB00B0F1E9 /* InfoPlist.strings in Resources */ = {isa = PBXBuildFile; fileRef = 14A99E4919CBD5CB00B0F1E9 /* InfoPlist.strings */; };
		14A99E4D19CBD5CB00B0F1E9 /* main.m in Sources */ = {isa = PBXBuildFile; fileRef = 14A99E4C19CBD5CB00B0F1E9 /* main.m */; };
		14A99E5119CBD5CB00B0F1E9 /* AppDelegate.m in Sources */ = {isa = PBXBuildFile; fileRef = 14A99E5019CBD5CB00B0F1E9 /* AppDelegate.m */; };
		14A99E5419CBD5CB00B0F1E9 /* Main_iPhone.storyboard in Resources */ = {isa = PBXBuildFile; fileRef = 14A99E5219CBD5CB00B0F1E9 /* Main_iPhone.storyboard */; };
		14A99E5719CBD5CB00B0F1E9 /* Main_iPad.storyboard in Resources */ = {isa = PBXBuildFile; fileRef = 14A99E5519CBD5CB00B0F1E9 /* Main_iPad.storyboard */; };
		14A99E5A19CBD5CB00B0F1E9 /* ViewController.m in Sources */ = {isa = PBXBuildFile; fileRef = 14A99E5919CBD5CB00B0F1E9 /* ViewController.m */; };
		14A99E5C19CBD5CB00B0F1E9 /* Images.xcassets in Resources */ = {isa = PBXBuildFile; fileRef = 14A99E5B19CBD5CB00B0F1E9 /* Images.xcassets */; };
		14A99E6319CBD5CB00B0F1E9 /* XCTest.framework in Frameworks */ = {isa = PBXBuildFile; fileRef = 14A99E6219CBD5CB00B0F1E9 /* XCTest.framework */; };
		14A99E6419CBD5CB00B0F1E9 /* Foundation.framework in Frameworks */ = {isa = PBXBuildFile; fileRef = 14A99E4019CBD5CB00B0F1E9 /* Foundation.framework */; };
		14A99E6519CBD5CB00B0F1E9 /* UIKit.framework in Frameworks */ = {isa = PBXBuildFile; fileRef = 14A99E4419CBD5CB00B0F1E9 /* UIKit.framework */; };
		14A99E6D19CBD5CB00B0F1E9 /* InfoPlist.strings in Resources */ = {isa = PBXBuildFile; fileRef = 14A99E6B19CBD5CB00B0F1E9 /* InfoPlist.strings */; };
		14A99E6F19CBD5CB00B0F1E9 /* BlockTestTests.m in Sources */ = {isa = PBXBuildFile; fileRef = 14A99E6E19CBD5CB00B0F1E9 /* BlockTestTests.m */; };
/* End PBXBuildFile section */

/* Begin PBXContainerItemProxy section */
		14A99E6619CBD5CB00B0F1E9 /* PBXContainerItemProxy */ = {
			isa = PBXContainerItemProxy;
			containerPortal = 14A99E3519CBD5CB00B0F1E9 /* Project object */;
			proxyType = 1;
			remoteGlobalIDString = 14A99E3C19CBD5CB00B0F1E9;
			remoteInfo = BlockTest;
		};
/* End PBXContainerItemProxy section */

/* Begin PBXFileReference section */
		14A99E3D19CBD5CB00B0F1E9 /* BlockTest.app */ = {isa = PBXFileReference; explicitFileType = wrapper.application; includeInIndex = 0; path = BlockTest.app; sourceTree = BUILT_PRODUCTS_DIR; };
		14A99E4019CBD5CB00B0F1E9 /* Foundation.framework */ = {isa = PBXFileReference; lastKnownFileType = wrapper.framework; name = Foundation.framework; path = System/Library/Frameworks/Foundation.framework; sourceTree = SDKROOT; };
		14A99E4219CBD5CB00B0F1E9 /* CoreGraphics.framework */ = {isa = PBXFileReference; lastKnownFileType = wrapper.framework; name = CoreGraphics.framework; path = System/Library/Frameworks/CoreGraphics.framework; sourceTree = SDKROOT; };
		14A99E4419CBD5CB00B0F1E9 /* UIKit.framework */ = {isa = PBXFileReference; lastKnownFileType = wrapper.framework; name = UIKit.framework; path = System/Library/Frameworks/UIKit.framework; sourceTree = SDKROOT; };
		14A99E4819CBD5CB00B0F1E9 /* BlockTest-Info.plist */ = {isa = PBXFileReference; lastKnownFileType = text.plist.xml; path = "BlockTest-Info.plist"; sourceTree = "<group>"; };
		14A99E4A19CBD5CB00B0F1E9 /* en */ = {isa = PBXFileReference; lastKnownFileType = text.plist.strings; name = en; path = en.lproj/InfoPlist.strings; sourceTree = "<group>"; };
		14A99E4C19CBD5CB00B0F1E9 /* main.m */ = {isa = PBXFileReference; lastKnownFileType = sourcecode.c.objc; path = main.m; sourceTree = "<group>"; };
		14A99E4E19CBD5CB00B0F1E9 /* BlockTest-Prefix.pch */ = {isa = PBXFileReference; lastKnownFileType = sourcecode.c.h; path = "BlockTest-Prefix.pch"; sourceTree = "<group>"; };
		14A99E4F19CBD5CB00B0F1E9 /* AppDelegate.h */ = {isa = PBXFileReference; lastKnownFileType = sourcecode.c.h; path = AppDelegate.h; sourceTree = "<group>"; };
		14A99E5019CBD5CB00B0F1E9 /* AppDelegate.m */ = {isa = PBXFileReference; lastKnownFileType = sourcecode.c.objc; path = AppDelegate.m; sourceTree = "<group>"; };
		14A99E5319CBD5CB00B0F1E9 /* Base */ = {isa = PBXFileReference; lastKnownFileType = file.storyboard; name = Base; path = Base.lproj/Main_iPhone.storyboard; sourceTree = "<group>"; };
		14A99E5619CBD5CB00B0F1E9 /* Base */ = {isa = PBXFileReference; lastKnownFileType = file.storyboard; name = Base; path = Base.lproj/Main_iPad.storyboard; sourceTree = "<group>"; };
		14A99E5819CBD5CB00B0F1E9 /* ViewController.h */ = {isa = PBXFileReference; lastKnownFileType = sourcecode.c.h; path = ViewController.h; sourceTree = "<group>"; };
		14A99E5919CBD5CB00B0F1E9 /* ViewController.m */ = {isa = PBXFileReference; lastKnownFileType = sourcecode.c.objc; path = ViewController.m; sourceTree = "<group>"; };
		14A99E5B19CBD5CB00B0F1E9 /* Images.xcassets */ = {isa = PBXFileReference; lastKnownFileType = folder.assetcatalog; path = Images.xcassets; sourceTree = "<group>"; };
		14A99E6119CBD5CB00B0F1E9 /* BlockTestTests.xctest */ = {isa = PBXFileReference; explicitFileType = wrapper.cfbundle; includeInIndex = 0; path = BlockTestTests.xctest; sourceTree = BUILT_PRODUCTS_DIR; };
		14A99E6219CBD5CB00B0F1E9 /* XCTest.framework */ = {isa = PBXFileReference; lastKnownFileType = wrapper.framework; name = XCTest.framework; path = Library/Frameworks/XCTest.framework; sourceTree = DEVELOPER_DIR; };
		14A99E6A19CBD5CB00B0F1E9 /* BlockTestTests-Info.plist */ = {isa = PBXFileReference; lastKnownFileType = text.plist.xml; path = "BlockTestTests-Info.plist"; sourceTree = "<group>"; };
		14A99E6C19CBD5CB00B0F1E9 /* en */ = {isa = PBXFileReference; lastKnownFileType = text.plist.strings; name = en; path = en.lproj/InfoPlist.strings; sourceTree = "<group>"; };
		14A99E6E19CBD5CB00B0F1E9 /* BlockTestTests.m */ = {isa = PBXFileReference; lastKnownFileType = sourcecode.c.objc; path = BlockTestTests.m; sourceTree = "<group>"; };
/* End PBXFileReference section */

/* Begin PBXFrameworksBuildPhase section */
		14A99E3A19CBD5CB00B0F1E9 /* Frameworks */ = {
			isa = PBXFrameworksBuildPhase;
			buildActionMask = 2147483647;
			files = (
				14A99E4319CBD5CB00B0F1E9 /* CoreGraphics.framework in Frameworks */,
				14A99E4519CBD5CB00B0F1E9 /* UIKit.framework in Frameworks */,
				14A99E4119CBD5CB00B0F1E9 /* Foundation.framework in Frameworks */,
			);
			runOnlyForDeploymentPostprocessing = 0;
		};
		14A99E5E19CBD5CB00B0F1E9 /* Frameworks */ = {
			isa = PBXFrameworksBuildPhase;
			buildActionMask = 2147483647;
			files = (
				14A99E6319CBD5CB00B0F1E9 /* XCTest.framework in Frameworks */,
				14A99E6519CBD5CB00B0F1E9 /* UIKit.framework in Frameworks */,
				14A99E6419CBD5CB00B0F1E9 /* Foundation.framework in Frameworks */,
			);
			runOnlyForDeploymentPostprocessing = 0;
		};
/* End PBXFrameworksBuildPhase section */

/* Begin PBXGroup section */
		14A99E3419CBD5CB00B0F1E9 = {
			isa = PBXGroup;
			children = (
				14A99E4619CBD5CB00B0F1E9 /* BlockTest */,
				14A99E6819CBD5CB00B0F1E9 /* BlockTestTests */,
				14A99E3F19CBD5CB00B0F1E9 /* Frameworks */,
				14A99E3E19CBD5CB00B0F1E9 /* Products */,
			);
			sourceTree = "<group>";
		};
		14A99E3E19CBD5CB00B0F1E9 /* Products */ = {
			isa = PBXGroup;
			children = (
				14A99E3D19CBD5CB00B0F1E9 /* BlockTest.app */,
				14A99E6119CBD5CB00B0F1E9 /* BlockTestTests.xctest */,
			);
			name = Products;
			sourceTree = "<group>";
		};
		14A99E3F19CBD5CB00B0F1E9 /* Frameworks */ = {
			isa = PBXGroup;
			children = (
				14A99E4019CBD5CB00B0F1E9 /* Foundation.framework */,
				14A99E4219CBD5CB00B0F1E9 /* CoreGraphics.framework */,
				14A99E4419CBD5CB00B0F1E9 /* UIKit.framework */,
				14A99E6219CBD5CB00B0F1E9 /* XCTest.framework */,
			);
			name = Frameworks;
			sourceTree = "<group>";
		};
		14A99E4619CBD5CB00B0F1E9 /* BlockTest */ = {
			isa = PBXGroup;
			children = (
				14A99E4F19CBD5CB00B0F1E9 /* AppDelegate.h */,
				14A99E5019CBD5CB00B0F1E9 /* AppDelegate.m */,
				14A99E5219CBD5CB00B0F1E9 /* Main_iPhone.storyboard */,
				14A99E5519CBD5CB00B0F1E9 /* Main_iPad.storyboard */,
				14A99E5819CBD5CB00B0F1E9 /* ViewController.h */,
				14A99E5919CBD5CB00B0F1E9 /* ViewController.m */,
				14A99E5B19CBD5CB00B0F1E9 /* Images.xcassets */,
				14A99E4719CBD5CB00B0F1E9 /* Supporting Files */,
			);
			path = BlockTest;
			sourceTree = "<group>";
		};
		14A99E4719CBD5CB00B0F1E9 /* Supporting Files */ = {
			isa = PBXGroup;
			children = (
				14A99E4819CBD5CB00B0F1E9 /* BlockTest-Info.plist */,
				14A99E4919CBD5CB00B0F1E9 /* InfoPlist.strings */,
				14A99E4C19CBD5CB00B0F1E9 /* main.m */,
				14A99E4E19CBD5CB00B0F1E9 /* BlockTest-Prefix.pch */,
			);
			name = "Supporting Files";
			sourceTree = "<group>";
		};
		14A99E6819CBD5CB00B0F1E9 /* BlockTestTests */ = {
			isa = PBXGroup;
			children = (
				14A99E6E19CBD5CB00B0F1E9 /* BlockTestTests.m */,
				14A99E6919CBD5CB00B0F1E9 /* Supporting Files */,
			);
			path = BlockTestTests;
			sourceTree = "<group>";
		};
		14A99E6919CBD5CB00B0F1E9 /* Supporting Files */ = {
			isa = PBXGroup;
			children = (
				14A99E6A19CBD5CB00B0F1E9 /* BlockTestTests-Info.plist */,
				14A99E6B19CBD5CB00B0F1E9 /* InfoPlist.strings */,
			);
			name = "Supporting Files";
			sourceTree = "<group>";
		};
/* End PBXGroup section */

/* Begin PBXNativeTarget section */
		14A99E3C19CBD5CB00B0F1E9 /* BlockTest */ = {
			isa = PBXNativeTarget;
			buildConfigurationList = 14A99E7219CBD5CB00B0F1E9 /* Build configuration list for PBXNativeTarget "BlockTest" */;
			buildPhases = (
				14A99E3919CBD5CB00B0F1E9 /* Sources */,
				14A99E3A19CBD5CB00B0F1E9 /* Frameworks */,
				14A99E3B19CBD5CB00B0F1E9 /* Resources */,
			);
			buildRules = (
			);
			dependencies = (
			);
			name = BlockTest;
			productName = BlockTest;
			productReference = 14A99E3D19CBD5CB00B0F1E9 /* BlockTest.app */;
			productType = "com.apple.product-type.application";
		};
		14A99E6019CBD5CB00B0F1E9 /* BlockTestTests */ = {
			isa = PBXNativeTarget;
			buildConfigurationList = 14A99E7519CBD5CB00B0F1E9 /* Build configuration list for PBXNativeTarget "BlockTestTests" */;
			buildPhases = (
				14A99E5D19CBD5CB00B0F1E9 /* Sources */,
				14A99E5E19CBD5CB00B0F1E9 /* Frameworks */,
				14A99E5F19CBD5CB00B0F1E9 /* Resources */,
			);
			buildRules = (
			);
			dependencies = (
				14A99E6719CBD5CB00B0F1E9 /* PBXTargetDependency */,
			);
			name = BlockTestTests;
			productName = BlockTestTests;
			productReference = 14A99E6119CBD5CB00B0F1E9 /* BlockTestTests.xctest */;
			productType = "com.apple.product-type.bundle.unit-test";
		};
/* End PBXNativeTarget section */

/* Begin PBXProject section */
		14A99E3519CBD5CB00B0F1E9 /* Project object */ = {
			isa = PBXProject;
			attributes = {
				LastUpgradeCheck = 0510;
				ORGANIZATIONNAME = "___FULLUSERNAME___";
				TargetAttributes = {
					14A99E6019CBD5CB00B0F1E9 = {
						TestTargetID = 14A99E3C19CBD5CB00B0F1E9;
					};
				};
			};
			buildConfigurationList = 14A99E3819CBD5CB00B0F1E9 /* Build configuration list for PBXProject "BlockTest" */;
			compatibilityVersion = "Xcode 3.2";
			developmentRegion = English;
			hasScannedForEncodings = 0;
			knownRegions = (
				en,
				Base,
			);
			mainGroup = 14A99E3419CBD5CB00B0F1E9;
			productRefGroup = 14A99E3E19CBD5CB00B0F1E9 /* Products */;
			projectDirPath = "";
			projectRoot = "";
			targets = (
				14A99E3C19CBD5CB00B0F1E9 /* BlockTest */,
				14A99E6019CBD5CB00B0F1E9 /* BlockTestTests */,
			);
		};
/* End PBXProject section */

/* Begin PBXResourcesBuildPhase section */
		14A99E3B19CBD5CB00B0F1E9 /* Resources */ = {
			isa = PBXResourcesBuildPhase;
			buildActionMask = 2147483647;
			files = (
				14A99E5719CBD5CB00B0F1E9 /* Main_iPad.storyboard in Resources */,
				14A99E5C19CBD5CB00B0F1E9 /* Images.xcassets in Resources */,
				14A99E5419CBD5CB00B0F1E9 /* Main_iPhone.storyboard in Resources */,
				14A99E4B19CBD5CB00B0F1E9 /* InfoPlist.strings in Resources */,
			);
			runOnlyForDeploymentPostprocessing = 0;
		};
		14A99E5F19CBD5CB00B0F1E9 /* Resources */ = {
			isa = PBXResourcesBuildPhase;
			buildActionMask = 2147483647;
			files = (
				14A99E6D19CBD5CB00B0F1E9 /* InfoPlist.strings in Resources */,
			);
			runOnlyForDeploymentPostprocessing = 0;
		};
/* End PBXResourcesBuildPhase section */

/* Begin PBXSourcesBuildPhase section */
		14A99E3919CBD5CB00B0F1E9 /* Sources */ = {
			isa = PBXSourcesBuildPhase;
			buildActionMask = 2147483647;
			files = (
				14A99E5A19CBD5CB00B0F1E9 /* ViewController.m in Sources */,
				14A99E5119CBD5CB00B0F1E9 /* AppDelegate.m in Sources */,
				14A99E4D19CBD5CB00B0F1E9 /* main.m in Sources */,
			);
			runOnlyForDeploymentPostprocessing = 0;
		};
		14A99E5D19CBD5CB00B0F1E9 /* Sources */ = {
			isa = PBXSourcesBuildPhase;
			buildActionMask = 2147483647;
			files = (
				14A99E6F19CBD5CB00B0F1E9 /* BlockTestTests.m in Sources */,
			);
			runOnlyForDeploymentPostprocessing = 0;
		};
/* End PBXSourcesBuildPhase section */

/* Begin PBXTargetDependency section */
		14A99E6719CBD5CB00B0F1E9 /* PBXTargetDependency */ = {
			isa = PBXTargetDependency;
			target = 14A99E3C19CBD5CB00B0F1E9 /* BlockTest */;
			targetProxy = 14A99E6619CBD5CB00B0F1E9 /* PBXContainerItemProxy */;
		};
/* End PBXTargetDependency section */

/* Begin PBXVariantGroup section */
		14A99E4919CBD5CB00B0F1E9 /* InfoPlist.strings */ = {
			isa = PBXVariantGroup;
			children = (
				14A99E4A19CBD5CB00B0F1E9 /* en */,
			);
			name = InfoPlist.strings;
			sourceTree = "<group>";
		};
		14A99E5219CBD5CB00B0F1E9 /* Main_iPhone.storyboard */ = {
			isa = PBXVariantGroup;
			children = (
				14A99E5319CBD5CB00B0F1E9 /* Base */,
			);
			name = Main_iPhone.storyboard;
			sourceTree = "<group>";
		};
		14A99E5519CBD5CB00B0F1E9 /* Main_iPad.storyboard */ = {
			isa = PBXVariantGroup;
			children = (
				14A99E5619CBD5CB00B0F1E9 /* Base */,
			);
			name = Main_iPad.storyboard;
			sourceTree = "<group>";
		};
		14A99E6B19CBD5CB00B0F1E9 /* InfoPlist.strings */ = {
			isa = PBXVariantGroup;
			children = (
				14A99E6C19CBD5CB00B0F1E9 /* en */,
			);
			name = InfoPlist.strings;
			sourceTree = "<group>";
		};
/* End PBXVariantGroup section */

/* Begin XCBuildConfiguration section */
		14A99E7019CBD5CB00B0F1E9 /* Debug */ = {
			isa = XCBuildConfiguration;
			buildSettings = {
				ALWAYS_SEARCH_USER_PATHS = NO;
				CLANG_CXX_LANGUAGE_STANDARD = "gnu++0x";
				CLANG_CXX_LIBRARY = "libc++";
				CLANG_ENABLE_MODULES = YES;
				CLANG_ENABLE_OBJC_ARC = YES;
				CLANG_WARN_BOOL_CONVERSION = YES;
				CLANG_WARN_CONSTANT_CONVERSION = YES;
				CLANG_WARN_DIRECT_OBJC_ISA_USAGE = YES_ERROR;
				CLANG_WARN_EMPTY_BODY = YES;
				CLANG_WARN_ENUM_CONVERSION = YES;
				CLANG_WARN_INT_CONVERSION = YES;
				CLANG_WARN_OBJC_ROOT_CLASS = YES_ERROR;
				CLANG_WARN__DUPLICATE_METHOD_MATCH = YES;
				"CODE_SIGN_IDENTITY[sdk=iphoneos*]" = "iPhone Developer";
				COPY_PHASE_STRIP = NO;
				GCC_C_LANGUAGE_STANDARD = gnu99;
				GCC_DYNAMIC_NO_PIC = NO;
				GCC_OPTIMIZATION_LEVEL = 0;
				GCC_PREPROCESSOR_DEFINITIONS = (
					"DEBUG=1",
					"$(inherited)",
				);
				GCC_SYMBOLS_PRIVATE_EXTERN = NO;
				GCC_WARN_64_TO_32_BIT_CONVERSION = YES;
				GCC_WARN_ABOUT_RETURN_TYPE = YES_ERROR;
				GCC_WARN_UNDECLARED_SELECTOR = YES;
				GCC_WARN_UNINITIALIZED_AUTOS = YES_AGGRESSIVE;
				GCC_WARN_UNUSED_FUNCTION = YES;
				GCC_WARN_UNUSED_VARIABLE = YES;
				IPHONEOS_DEPLOYMENT_TARGET = 7.1;
				ONLY_ACTIVE_ARCH = YES;
				SDKROOT = iphoneos;
				TARGETED_DEVICE_FAMILY = "1,2";
			};
			name = Debug;
		};
		14A99E7119CBD5CB00B0F1E9 /* Release */ = {
			isa = XCBuildConfiguration;
			buildSettings = {
				ALWAYS_SEARCH_USER_PATHS = NO;
				CLANG_CXX_LANGUAGE_STANDARD = "gnu++0x";
				CLANG_CXX_LIBRARY = "libc++";
				CLANG_ENABLE_MODULES = YES;
				CLANG_ENABLE_OBJC_ARC = YES;
				CLANG_WARN_BOOL_CONVERSION = YES;
				CLANG_WARN_CONSTANT_CONVERSION = YES;
				CLANG_WARN_DIRECT_OBJC_ISA_USAGE = YES_ERROR;
				CLANG_WARN_EMPTY_BODY = YES;
				CLANG_WARN_ENUM_CONVERSION = YES;
				CLANG_WARN_INT_CONVERSION = YES;
				CLANG_WARN_OBJC_ROOT_CLASS = YES_ERROR;
				CLANG_WARN__DUPLICATE_METHOD_MATCH = YES;
				"CODE_SIGN_IDENTITY[sdk=iphoneos*]" = "iPhone Developer";
				COPY_PHASE_STRIP = YES;
				ENABLE_NS_ASSERTIONS = NO;
				GCC_C_LANGUAGE_STANDARD = gnu99;
				GCC_WARN_64_TO_32_BIT_CONVERSION = YES;
				GCC_WARN_ABOUT_RETURN_TYPE = YES_ERROR;
				GCC_WARN_UNDECLARED_SELECTOR = YES;
				GCC_WARN_UNINITIALIZED_AUTOS = YES_AGGRESSIVE;
				GCC_WARN_UNUSED_FUNCTION = YES;
				GCC_WARN_UNUSED_VARIABLE = YES;
				IPHONEOS_DEPLOYMENT_TARGET = 7.1;
				SDKROOT = iphoneos;
				TARGETED_DEVICE_FAMILY = "1,2";
				VALIDATE_PRODUCT = YES;
			};
			name = Release;
		};
		14A99E7319CBD5CB00B0F1E9 /* Debug */ = {
			isa = XCBuildConfiguration;
			buildSettings = {
				ASSETCATALOG_COMPILER_APPICON_NAME = AppIcon;
				ASSETCATALOG_COMPILER_LAUNCHIMAGE_NAME = LaunchImage;
				GCC_PRECOMPILE_PREFIX_HEADER = YES;
				GCC_PREFIX_HEADER = "BlockTest/BlockTest-Prefix.pch";
				INFOPLIST_FILE = "BlockTest/BlockTest-Info.plist";
				PRODUCT_NAME = "$(TARGET_NAME)";
				WRAPPER_EXTENSION = app;
			};
			name = Debug;
		};
		14A99E7419CBD5CB00B0F1E9 /* Release */ = {
			isa = XCBuildConfiguration;
			buildSettings = {
				ASSETCATALOG_COMPILER_APPICON_NAME = AppIcon;
				ASSETCATALOG_COMPILER_LAUNCHIMAGE_NAME = LaunchImage;
				GCC_PRECOMPILE_PREFIX_HEADER = YES;
				GCC_PREFIX_HEADER = "BlockTest/BlockTest-Prefix.pch";
				INFOPLIST_FILE = "BlockTest/BlockTest-Info.plist";
				PRODUCT_NAME = "$(TARGET_NAME)";
				WRAPPER_EXTENSION = app;
			};
			name = Release;
		};
		14A99E7619CBD5CB00B0F1E9 /* Debug */ = {
			isa = XCBuildConfiguration;
			buildSettings = {
				BUNDLE_LOADER = "$(BUILT_PRODUCTS_DIR)/BlockTest.app/BlockTest";
				FRAMEWORK_SEARCH_PATHS = (
					"$(SDKROOT)/Developer/Library/Frameworks",
					"$(inherited)",
					"$(DEVELOPER_FRAMEWORKS_DIR)",
				);
				GCC_PRECOMPILE_PREFIX_HEADER = YES;
				GCC_PREFIX_HEADER = "BlockTest/BlockTest-Prefix.pch";
				GCC_PREPROCESSOR_DEFINITIONS = (
					"DEBUG=1",
					"$(inherited)",
				);
				INFOPLIST_FILE = "BlockTestTests/BlockTestTests-Info.plist";
				PRODUCT_NAME = "$(TARGET_NAME)";
				TEST_HOST = "$(BUNDLE_LOADER)";
				WRAPPER_EXTENSION = xctest;
			};
			name = Debug;
		};
		14A99E7719CBD5CB00B0F1E9 /* Release */ = {
			isa = XCBuildConfiguration;
			buildSettings = {
				BUNDLE_LOADER = "$(BUILT_PRODUCTS_DIR)/BlockTest.app/BlockTest";
				FRAMEWORK_SEARCH_PATHS = (
					"$(SDKROOT)/Developer/Library/Frameworks",
					"$(inherited)",
					"$(DEVELOPER_FRAMEWORKS_DIR)",
				);
				GCC_PRECOMPILE_PREFIX_HEADER = YES;
				GCC_PREFIX_HEADER = "BlockTest/BlockTest-Prefix.pch";
				INFOPLIST_FILE = "BlockTestTests/BlockTestTests-Info.plist";
				PRODUCT_NAME = "$(TARGET_NAME)";
				TEST_HOST = "$(BUNDLE_LOADER)";
				WRAPPER_EXTENSION = xctest;
			};
			name = Release;
		};
/* End XCBuildConfiguration section */

/* Begin XCConfigurationList section */
		14A99E3819CBD5CB00B0F1E9 /* Build configuration list for PBXProject "BlockTest" */ = {
			isa = XCConfigurationList;
			buildConfigurations = (
				14A99E7019CBD5CB00B0F1E9 /* Debug */,
				14A99E7119CBD5CB00B0F1E9 /* Release */,
			);
			defaultConfigurationIsVisible = 0;
			defaultConfigurationName = Release;
		};
		14A99E7219CBD5CB00B0F1E9 /* Build configuration list for PBXNativeTarget "BlockTest" */ = {
			isa = XCConfigurationList;
			buildConfigurations = (
				14A99E7319CBD5CB00B0F1E9 /* Debug */,
				14A99E7419CBD5CB00B0F1E9 /* Release */,
			);
			defaultConfigurationIsVisible = 0;
		};
		14A99E7519CBD5CB00B0F1E9 /* Build configuration list for PBXNativeTarget "BlockTestTests" */ = {
			isa = XCConfigurationList;
			buildConfigurations = (
				14A99E7619CBD5CB00B0F1E9 /* Debug */,
				14A99E7719CBD5CB00B0F1E9 /* Release */,
			);
			defaultConfigurationIsVisible = 0;
		};
/* End XCConfigurationList section */
	};
	rootObject = 14A99E3519CBD5CB00B0F1E9 /* Project object */;
}
